// !$*UTF8*$!
{
	archiveVersion = 1;
	classes = {
	};
	objectVersion = 50;
	objects = {

/* Begin PBXBuildFile section */
		31858587272C4B76003D7826 /* maine.swift in Sources */ = {isa = PBXBuildFile; fileRef = 31858586272C4B76003D7826 /* maine.swift */; };
/* End PBXBuildFile section */

/* Begin PBXCopyFilesBuildPhase section */
		3140C12326ED0C7100234E36 /* CopyFiles */ = {
			isa = PBXCopyFilesBuildPhase;
			buildActionMask = 2147483647;
			dstPath = /usr/share/man/man1/;
			dstSubfolderSpec = 0;
			files = (
			);
			runOnlyForDeploymentPostprocessing = 1;
		};
/* End PBXCopyFilesBuildPhase section */

/* Begin PBXFileReference section */
		312F3F2C26FDF8250061A4B6 /* 9663.cpp */ = {isa = PBXFileReference; lastKnownFileType = sourcecode.cpp.cpp; path = 9663.cpp; sourceTree = "<group>"; };
		312F3F3126FF61780061A4B6 /* kakao_key.cpp */ = {isa = PBXFileReference; lastKnownFileType = sourcecode.cpp.cpp; path = kakao_key.cpp; sourceTree = "<group>"; };
		312F3F34270092170061A4B6 /* 20056.cpp */ = {isa = PBXFileReference; lastKnownFileType = sourcecode.cpp.cpp; path = 20056.cpp; sourceTree = "<group>"; };
		312F3F732703637C0061A4B6 /* codeforce774_A.cpp */ = {isa = PBXFileReference; lastKnownFileType = sourcecode.cpp.cpp; path = codeforce774_A.cpp; sourceTree = "<group>"; };
		312F3F75270369650061A4B6 /* codefoce774_B.cpp */ = {isa = PBXFileReference; lastKnownFileType = sourcecode.cpp.cpp; path = codefoce774_B.cpp; sourceTree = "<group>"; };
		312F3F7727036D750061A4B6 /* codeforce774_C.cpp */ = {isa = PBXFileReference; lastKnownFileType = sourcecode.cpp.cpp; path = codeforce774_C.cpp; sourceTree = "<group>"; };
		312F3F79270375110061A4B6 /* codeforce774_E1.cpp */ = {isa = PBXFileReference; lastKnownFileType = sourcecode.cpp.cpp; path = codeforce774_E1.cpp; sourceTree = "<group>"; };
		312F3F7B270379280061A4B6 /* codeforce774_D.cpp */ = {isa = PBXFileReference; lastKnownFileType = sourcecode.cpp.cpp; path = codeforce774_D.cpp; sourceTree = "<group>"; };
		313A61F62707457B00E18CE3 /* 7682.cpp */ = {isa = PBXFileReference; lastKnownFileType = sourcecode.cpp.cpp; path = 7682.cpp; sourceTree = "<group>"; };
		313A61F927076AA100E18CE3 /* 10282.cpp */ = {isa = PBXFileReference; lastKnownFileType = sourcecode.cpp.cpp; path = 10282.cpp; sourceTree = "<group>"; };
		313A61FC2708B28700E18CE3 /* 14600.cpp */ = {isa = PBXFileReference; lastKnownFileType = sourcecode.cpp.cpp; path = 14600.cpp; sourceTree = "<group>"; };
		313A61FE2708C39900E18CE3 /* 14601.cpp */ = {isa = PBXFileReference; lastKnownFileType = sourcecode.cpp.cpp; path = 14601.cpp; sourceTree = "<group>"; };
		313A62002708CE3400E18CE3 /* 4256.swift */ = {isa = PBXFileReference; lastKnownFileType = sourcecode.swift; path = 4256.swift; sourceTree = "<group>"; };
		313A62022708D6F600E18CE3 /* 4256.cpp */ = {isa = PBXFileReference; lastKnownFileType = sourcecode.cpp.cpp; path = 4256.cpp; sourceTree = "<group>"; };
		3140C12526ED0C7100234E36 /* 2021 */ = {isa = PBXFileReference; explicitFileType = "compiled.mach-o.executable"; includeInIndex = 0; path = 2021; sourceTree = BUILT_PRODUCTS_DIR; };
		3140C12826ED0C7100234E36 /* template.cpp */ = {isa = PBXFileReference; lastKnownFileType = sourcecode.cpp.cpp; path = template.cpp; sourceTree = "<group>"; };
		3140C13026ED0E4E00234E36 /* template.swift */ = {isa = PBXFileReference; lastKnownFileType = sourcecode.swift; path = template.swift; sourceTree = "<group>"; };
		3140C13326ED125800234E36 /* kakao_ban.cpp */ = {isa = PBXFileReference; lastKnownFileType = sourcecode.cpp.cpp; path = kakao_ban.cpp; sourceTree = "<group>"; };
		3140C13426ED125800234E36 /* Line_1.cpp */ = {isa = PBXFileReference; lastKnownFileType = sourcecode.cpp.cpp; path = Line_1.cpp; sourceTree = "<group>"; };
		3140C13526ED125800234E36 /* kakao_parking.cpp */ = {isa = PBXFileReference; lastKnownFileType = sourcecode.cpp.cpp; path = kakao_parking.cpp; sourceTree = "<group>"; };
		3140C13626ED125800234E36 /* kakao_bow.cpp */ = {isa = PBXFileReference; lastKnownFileType = sourcecode.cpp.cpp; path = kakao_bow.cpp; sourceTree = "<group>"; };
		3140C13726ED125800234E36 /* kakao_prime.cpp */ = {isa = PBXFileReference; lastKnownFileType = sourcecode.cpp.cpp; path = kakao_prime.cpp; sourceTree = "<group>"; };
		3140C13826ED125800234E36 /* Line_2.cpp */ = {isa = PBXFileReference; lastKnownFileType = sourcecode.cpp.cpp; path = Line_2.cpp; sourceTree = "<group>"; };
		3140C13926ED125800234E36 /* Line_3.cpp */ = {isa = PBXFileReference; lastKnownFileType = sourcecode.cpp.cpp; path = Line_3.cpp; sourceTree = "<group>"; };
		3140C13B26EDB26E00234E36 /* nexon_1.cpp */ = {isa = PBXFileReference; lastKnownFileType = sourcecode.cpp.cpp; path = nexon_1.cpp; sourceTree = "<group>"; };
		3140C13D26EDDDA600234E36 /* nexton_2.cpp */ = {isa = PBXFileReference; lastKnownFileType = sourcecode.cpp.cpp; path = nexton_2.cpp; sourceTree = "<group>"; };
		31703BBF27113BA600196F2A /* 2448.cpp */ = {isa = PBXFileReference; lastKnownFileType = sourcecode.cpp.cpp; path = 2448.cpp; sourceTree = "<group>"; };
		31858584272C287D003D7826 /* 2469.swift */ = {isa = PBXFileReference; lastKnownFileType = sourcecode.swift; path = 2469.swift; sourceTree = "<group>"; };
		31858586272C4B76003D7826 /* maine.swift */ = {isa = PBXFileReference; lastKnownFileType = sourcecode.swift; path = maine.swift; sourceTree = "<group>"; };
		319F6A1D272847CF0017419F /* 9093.swift */ = {isa = PBXFileReference; lastKnownFileType = sourcecode.swift; path = 9093.swift; sourceTree = "<group>"; };
		319F6A1F27284DB30017419F /* 17413.swift */ = {isa = PBXFileReference; lastKnownFileType = sourcecode.swift; path = 17413.swift; sourceTree = "<group>"; };
		319F7D9226FB69DE000D1D3A /* 15649.cpp */ = {isa = PBXFileReference; lastKnownFileType = sourcecode.cpp.cpp; path = 15649.cpp; sourceTree = "<group>"; };
		319F7D9426FB7186000D1D3A /* 14888.cpp */ = {isa = PBXFileReference; lastKnownFileType = sourcecode.cpp.cpp; path = 14888.cpp; sourceTree = "<group>"; };
		319F7D9626FB75A3000D1D3A /* 15650.cpp */ = {isa = PBXFileReference; lastKnownFileType = sourcecode.cpp.cpp; path = 15650.cpp; sourceTree = "<group>"; };
		319F7D9826FB793A000D1D3A /* 1759.cpp */ = {isa = PBXFileReference; lastKnownFileType = sourcecode.cpp.cpp; path = 1759.cpp; sourceTree = "<group>"; };
		319F7D9D26FC9BB6000D1D3A /* 15651.cpp */ = {isa = PBXFileReference; lastKnownFileType = sourcecode.cpp.cpp; path = 15651.cpp; sourceTree = "<group>"; };
		319F7D9F26FCA8DF000D1D3A /* 6603.cpp */ = {isa = PBXFileReference; lastKnownFileType = sourcecode.cpp.cpp; path = 6603.cpp; sourceTree = "<group>"; };
		319F7DA126FCAF21000D1D3A /* 2580.cpp */ = {isa = PBXFileReference; lastKnownFileType = sourcecode.cpp.cpp; path = 2580.cpp; sourceTree = "<group>"; };
		31B23D002712CDB600850C6F /* 10993.cpp */ = {isa = PBXFileReference; lastKnownFileType = sourcecode.cpp.cpp; path = 10993.cpp; sourceTree = "<group>"; };
		31B23D512717254D00850C6F /* 2178.cpp */ = {isa = PBXFileReference; lastKnownFileType = sourcecode.cpp.cpp; path = 2178.cpp; sourceTree = "<group>"; };
		31B23D6427187B5800850C6F /* 1009.cpp */ = {isa = PBXFileReference; lastKnownFileType = sourcecode.cpp.cpp; path = 1009.cpp; sourceTree = "<group>"; };
		31B23D782719BF7C00850C6F /* 1461.swift */ = {isa = PBXFileReference; lastKnownFileType = sourcecode.swift; path = 1461.swift; sourceTree = "<group>"; };
		31B23D7A271C0BE000850C6F /* 1374.swift */ = {isa = PBXFileReference; lastKnownFileType = sourcecode.swift; path = 1374.swift; sourceTree = "<group>"; };
		31B23DA4271F0F5600850C6F /* regexTest.swift */ = {isa = PBXFileReference; lastKnownFileType = sourcecode.swift; path = regexTest.swift; sourceTree = "<group>"; };
		31F6F24F27256ACE00DC1EF2 /* 19845.swift */ = {isa = PBXFileReference; lastKnownFileType = sourcecode.swift; path = 19845.swift; sourceTree = "<group>"; };
		31F6F25127256DE500DC1EF2 /* 3079.cpp */ = {isa = PBXFileReference; lastKnownFileType = sourcecode.cpp.cpp; path = 3079.cpp; sourceTree = "<group>"; };
/* End PBXFileReference section */

/* Begin PBXFrameworksBuildPhase section */
		3140C12226ED0C7100234E36 /* Frameworks */ = {
			isa = PBXFrameworksBuildPhase;
			buildActionMask = 2147483647;
			files = (
			);
			runOnlyForDeploymentPostprocessing = 0;
		};
/* End PBXFrameworksBuildPhase section */

/* Begin PBXGroup section */
		312F3F2B26FDF8130061A4B6 /* 0924 */ = {
			isa = PBXGroup;
			children = (
				312F3F2C26FDF8250061A4B6 /* 9663.cpp */,
			);
			path = 0924;
			sourceTree = "<group>";
		};
		312F3F3026FF614E0061A4B6 /* 0925 */ = {
			isa = PBXGroup;
			children = (
				312F3F3126FF61780061A4B6 /* kakao_key.cpp */,
			);
			path = 0925;
			sourceTree = "<group>";
		};
		312F3F33270092080061A4B6 /* 0926 */ = {
			isa = PBXGroup;
			children = (
				312F3F34270092170061A4B6 /* 20056.cpp */,
			);
			path = 0926;
			sourceTree = "<group>";
		};
		312F3F72270363210061A4B6 /* 0928 */ = {
			isa = PBXGroup;
			children = (
				312F3F732703637C0061A4B6 /* codeforce774_A.cpp */,
				312F3F75270369650061A4B6 /* codefoce774_B.cpp */,
				312F3F7727036D750061A4B6 /* codeforce774_C.cpp */,
				312F3F79270375110061A4B6 /* codeforce774_E1.cpp */,
				312F3F7B270379280061A4B6 /* codeforce774_D.cpp */,
			);
			path = 0928;
			sourceTree = "<group>";
		};
		313A61F52707428C00E18CE3 /* 🎃October */ = {
			isa = PBXGroup;
			children = (
				31858583272C2800003D7826 /* 1029 */,
				319F6A1C272847B70017419F /* 1026 */,
				31F6F24B2725657100DC1EF2 /* 1024 */,
				31B23DA3271F0F4900850C6F /* 1019 */,
				31B23D772719BF4D00850C6F /* 1017 */,
				31B23D6327187B4A00850C6F /* 1014 */,
				31B23D502717253D00850C6F /* 1013 */,
				31703BBE27113B9B00196F2A /* 1010 */,
				313A61FB2708B27100E18CE3 /* 1003 */,
				313A61F82707458400E18CE3 /* 1001 */,
			);
			path = "🎃October";
			sourceTree = "<group>";
		};
		313A61F82707458400E18CE3 /* 1001 */ = {
			isa = PBXGroup;
			children = (
				313A61F62707457B00E18CE3 /* 7682.cpp */,
				313A61F927076AA100E18CE3 /* 10282.cpp */,
			);
			path = 1001;
			sourceTree = "<group>";
		};
		313A61FB2708B27100E18CE3 /* 1003 */ = {
			isa = PBXGroup;
			children = (
				313A61FC2708B28700E18CE3 /* 14600.cpp */,
				313A61FE2708C39900E18CE3 /* 14601.cpp */,
				313A62002708CE3400E18CE3 /* 4256.swift */,
				313A62022708D6F600E18CE3 /* 4256.cpp */,
			);
			path = 1003;
			sourceTree = "<group>";
		};
		3140C11C26ED0C7100234E36 = {
			isa = PBXGroup;
			children = (
				3140C12726ED0C7100234E36 /* 2021 */,
				3140C12626ED0C7100234E36 /* Products */,
			);
			sourceTree = "<group>";
		};
		3140C12626ED0C7100234E36 /* Products */ = {
			isa = PBXGroup;
			children = (
				3140C12526ED0C7100234E36 /* 2021 */,
			);
			name = Products;
			sourceTree = "<group>";
		};
		3140C12726ED0C7100234E36 /* 2021 */ = {
			isa = PBXGroup;
			children = (
				313A61F52707428C00E18CE3 /* 🎃October */,
				3140C12F26ED0CF300234E36 /* 🍁September */,
				3140C12826ED0C7100234E36 /* template.cpp */,
				3140C13026ED0E4E00234E36 /* template.swift */,
			);
			path = 2021;
			sourceTree = "<group>";
		};
		3140C12F26ED0CF300234E36 /* 🍁September */ = {
			isa = PBXGroup;
			children = (
				312F3F72270363210061A4B6 /* 0928 */,
				312F3F33270092080061A4B6 /* 0926 */,
				312F3F3026FF614E0061A4B6 /* 0925 */,
				312F3F2B26FDF8130061A4B6 /* 0924 */,
				319F7D9C26FC9BA3000D1D3A /* 0923 */,
				319F7D9126FB69CE000D1D3A /* 0922 */,
				3140C13A26EDB25F00234E36 /* 0912 */,
				3140C13226ED11EA00234E36 /* 0911 */,
			);
			path = "🍁September";
			sourceTree = "<group>";
		};
		3140C13226ED11EA00234E36 /* 0911 */ = {
			isa = PBXGroup;
			children = (
				3140C13326ED125800234E36 /* kakao_ban.cpp */,
				3140C13626ED125800234E36 /* kakao_bow.cpp */,
				3140C13526ED125800234E36 /* kakao_parking.cpp */,
				3140C13726ED125800234E36 /* kakao_prime.cpp */,
				3140C13426ED125800234E36 /* Line_1.cpp */,
				3140C13926ED125800234E36 /* Line_3.cpp */,
				3140C13826ED125800234E36 /* Line_2.cpp */,
			);
			path = 0911;
			sourceTree = "<group>";
		};
		3140C13A26EDB25F00234E36 /* 0912 */ = {
			isa = PBXGroup;
			children = (
				3140C13B26EDB26E00234E36 /* nexon_1.cpp */,
				3140C13D26EDDDA600234E36 /* nexton_2.cpp */,
			);
			path = 0912;
			sourceTree = "<group>";
		};
		31703BBE27113B9B00196F2A /* 1010 */ = {
			isa = PBXGroup;
			children = (
				31703BBF27113BA600196F2A /* 2448.cpp */,
				31B23D002712CDB600850C6F /* 10993.cpp */,
			);
			path = 1010;
			sourceTree = "<group>";
		};
		31858583272C2800003D7826 /* 1029 */ = {
			isa = PBXGroup;
			children = (
				31858584272C287D003D7826 /* 2469.swift */,
				31858586272C4B76003D7826 /* maine.swift */,
			);
			path = 1029;
			sourceTree = "<group>";
		};
		319F6A1C272847B70017419F /* 1026 */ = {
			isa = PBXGroup;
			children = (
				319F6A1D272847CF0017419F /* 9093.swift */,
				319F6A1F27284DB30017419F /* 17413.swift */,
			);
			path = 1026;
			sourceTree = "<group>";
		};
		319F7D9126FB69CE000D1D3A /* 0922 */ = {
			isa = PBXGroup;
			children = (
				319F7D9226FB69DE000D1D3A /* 15649.cpp */,
				319F7D9426FB7186000D1D3A /* 14888.cpp */,
				319F7D9626FB75A3000D1D3A /* 15650.cpp */,
				319F7D9826FB793A000D1D3A /* 1759.cpp */,
			);
			path = 0922;
			sourceTree = "<group>";
		};
		319F7D9C26FC9BA3000D1D3A /* 0923 */ = {
			isa = PBXGroup;
			children = (
				319F7D9D26FC9BB6000D1D3A /* 15651.cpp */,
				319F7D9F26FCA8DF000D1D3A /* 6603.cpp */,
				319F7DA126FCAF21000D1D3A /* 2580.cpp */,
			);
			path = 0923;
			sourceTree = "<group>";
		};
		31B23D502717253D00850C6F /* 1013 */ = {
			isa = PBXGroup;
			children = (
				31B23D512717254D00850C6F /* 2178.cpp */,
			);
			path = 1013;
			sourceTree = "<group>";
		};
		31B23D6327187B4A00850C6F /* 1014 */ = {
			isa = PBXGroup;
			children = (
				31B23D6427187B5800850C6F /* 1009.cpp */,
			);
			path = 1014;
			sourceTree = "<group>";
		};
		31B23D772719BF4D00850C6F /* 1017 */ = {
			isa = PBXGroup;
			children = (
				31B23D782719BF7C00850C6F /* 1461.swift */,
				31B23D7A271C0BE000850C6F /* 1374.swift */,
			);
			path = 1017;
			sourceTree = "<group>";
		};
		31B23DA3271F0F4900850C6F /* 1019 */ = {
			isa = PBXGroup;
			children = (
				31B23DA4271F0F5600850C6F /* regexTest.swift */,
			);
			path = 1019;
			sourceTree = "<group>";
		};
		31F6F24B2725657100DC1EF2 /* 1024 */ = {
			isa = PBXGroup;
			children = (
				31F6F24F27256ACE00DC1EF2 /* 19845.swift */,
				31F6F25127256DE500DC1EF2 /* 3079.cpp */,
			);
			path = 1024;
			sourceTree = "<group>";
		};
/* End PBXGroup section */

/* Begin PBXNativeTarget section */
		3140C12426ED0C7100234E36 /* 2021 */ = {
			isa = PBXNativeTarget;
			buildConfigurationList = 3140C12C26ED0C7100234E36 /* Build configuration list for PBXNativeTarget "2021" */;
			buildPhases = (
				3140C12126ED0C7100234E36 /* Sources */,
				3140C12226ED0C7100234E36 /* Frameworks */,
				3140C12326ED0C7100234E36 /* CopyFiles */,
			);
			buildRules = (
			);
			dependencies = (
			);
			name = 2021;
			productName = 2021;
			productReference = 3140C12526ED0C7100234E36 /* 2021 */;
			productType = "com.apple.product-type.tool";
		};
/* End PBXNativeTarget section */

/* Begin PBXProject section */
		3140C11D26ED0C7100234E36 /* Project object */ = {
			isa = PBXProject;
			attributes = {
				LastUpgradeCheck = 1250;
				TargetAttributes = {
					3140C12426ED0C7100234E36 = {
						CreatedOnToolsVersion = 12.5.1;
						LastSwiftMigration = 1310;
					};
				};
			};
			buildConfigurationList = 3140C12026ED0C7100234E36 /* Build configuration list for PBXProject "2021" */;
			compatibilityVersion = "Xcode 9.3";
			developmentRegion = en;
			hasScannedForEncodings = 0;
			knownRegions = (
				en,
				Base,
			);
			mainGroup = 3140C11C26ED0C7100234E36;
			productRefGroup = 3140C12626ED0C7100234E36 /* Products */;
			projectDirPath = "";
			projectRoot = "";
			targets = (
				3140C12426ED0C7100234E36 /* 2021 */,
			);
		};
/* End PBXProject section */

/* Begin PBXSourcesBuildPhase section */
		3140C12126ED0C7100234E36 /* Sources */ = {
			isa = PBXSourcesBuildPhase;
			buildActionMask = 2147483647;
			files = (
				31858587272C4B76003D7826 /* maine.swift in Sources */,
			);
			runOnlyForDeploymentPostprocessing = 0;
		};
/* End PBXSourcesBuildPhase section */

/* Begin XCBuildConfiguration section */
		3140C12A26ED0C7100234E36 /* Debug */ = {
			isa = XCBuildConfiguration;
			buildSettings = {
				ALWAYS_SEARCH_USER_PATHS = NO;
				CLANG_ANALYZER_NONNULL = YES;
				CLANG_ANALYZER_NUMBER_OBJECT_CONVERSION = YES_AGGRESSIVE;
				CLANG_CXX_LANGUAGE_STANDARD = "gnu++14";
				CLANG_CXX_LIBRARY = "libc++";
				CLANG_ENABLE_MODULES = YES;
				CLANG_ENABLE_OBJC_ARC = YES;
				CLANG_ENABLE_OBJC_WEAK = YES;
				CLANG_WARN_BLOCK_CAPTURE_AUTORELEASING = YES;
				CLANG_WARN_BOOL_CONVERSION = YES;
				CLANG_WARN_COMMA = YES;
				CLANG_WARN_CONSTANT_CONVERSION = YES;
				CLANG_WARN_DEPRECATED_OBJC_IMPLEMENTATIONS = YES;
				CLANG_WARN_DIRECT_OBJC_ISA_USAGE = YES_ERROR;
				CLANG_WARN_DOCUMENTATION_COMMENTS = YES;
				CLANG_WARN_EMPTY_BODY = YES;
				CLANG_WARN_ENUM_CONVERSION = YES;
				CLANG_WARN_INFINITE_RECURSION = YES;
				CLANG_WARN_INT_CONVERSION = YES;
				CLANG_WARN_NON_LITERAL_NULL_CONVERSION = YES;
				CLANG_WARN_OBJC_IMPLICIT_RETAIN_SELF = YES;
				CLANG_WARN_OBJC_LITERAL_CONVERSION = YES;
				CLANG_WARN_OBJC_ROOT_CLASS = YES_ERROR;
				CLANG_WARN_QUOTED_INCLUDE_IN_FRAMEWORK_HEADER = YES;
				CLANG_WARN_RANGE_LOOP_ANALYSIS = YES;
				CLANG_WARN_STRICT_PROTOTYPES = YES;
				CLANG_WARN_SUSPICIOUS_MOVE = YES;
				CLANG_WARN_UNGUARDED_AVAILABILITY = YES_AGGRESSIVE;
				CLANG_WARN_UNREACHABLE_CODE = YES;
				CLANG_WARN__DUPLICATE_METHOD_MATCH = YES;
				COPY_PHASE_STRIP = NO;
				DEBUG_INFORMATION_FORMAT = dwarf;
				ENABLE_STRICT_OBJC_MSGSEND = YES;
				ENABLE_TESTABILITY = YES;
				GCC_C_LANGUAGE_STANDARD = gnu11;
				GCC_DYNAMIC_NO_PIC = NO;
				GCC_NO_COMMON_BLOCKS = YES;
				GCC_OPTIMIZATION_LEVEL = 0;
				GCC_PREPROCESSOR_DEFINITIONS = (
					"DEBUG=1",
					"$(inherited)",
				);
				GCC_WARN_64_TO_32_BIT_CONVERSION = YES;
				GCC_WARN_ABOUT_RETURN_TYPE = YES_ERROR;
				GCC_WARN_UNDECLARED_SELECTOR = YES;
				GCC_WARN_UNINITIALIZED_AUTOS = YES_AGGRESSIVE;
				GCC_WARN_UNUSED_FUNCTION = YES;
				GCC_WARN_UNUSED_VARIABLE = YES;
				MACOSX_DEPLOYMENT_TARGET = 11.3;
				MTL_ENABLE_DEBUG_INFO = INCLUDE_SOURCE;
				MTL_FAST_MATH = YES;
				ONLY_ACTIVE_ARCH = YES;
				SDKROOT = macosx;
			};
			name = Debug;
		};
		3140C12B26ED0C7100234E36 /* Release */ = {
			isa = XCBuildConfiguration;
			buildSettings = {
				ALWAYS_SEARCH_USER_PATHS = NO;
				CLANG_ANALYZER_NONNULL = YES;
				CLANG_ANALYZER_NUMBER_OBJECT_CONVERSION = YES_AGGRESSIVE;
				CLANG_CXX_LANGUAGE_STANDARD = "gnu++14";
				CLANG_CXX_LIBRARY = "libc++";
				CLANG_ENABLE_MODULES = YES;
				CLANG_ENABLE_OBJC_ARC = YES;
				CLANG_ENABLE_OBJC_WEAK = YES;
				CLANG_WARN_BLOCK_CAPTURE_AUTORELEASING = YES;
				CLANG_WARN_BOOL_CONVERSION = YES;
				CLANG_WARN_COMMA = YES;
				CLANG_WARN_CONSTANT_CONVERSION = YES;
				CLANG_WARN_DEPRECATED_OBJC_IMPLEMENTATIONS = YES;
				CLANG_WARN_DIRECT_OBJC_ISA_USAGE = YES_ERROR;
				CLANG_WARN_DOCUMENTATION_COMMENTS = YES;
				CLANG_WARN_EMPTY_BODY = YES;
				CLANG_WARN_ENUM_CONVERSION = YES;
				CLANG_WARN_INFINITE_RECURSION = YES;
				CLANG_WARN_INT_CONVERSION = YES;
				CLANG_WARN_NON_LITERAL_NULL_CONVERSION = YES;
				CLANG_WARN_OBJC_IMPLICIT_RETAIN_SELF = YES;
				CLANG_WARN_OBJC_LITERAL_CONVERSION = YES;
				CLANG_WARN_OBJC_ROOT_CLASS = YES_ERROR;
				CLANG_WARN_QUOTED_INCLUDE_IN_FRAMEWORK_HEADER = YES;
				CLANG_WARN_RANGE_LOOP_ANALYSIS = YES;
				CLANG_WARN_STRICT_PROTOTYPES = YES;
				CLANG_WARN_SUSPICIOUS_MOVE = YES;
				CLANG_WARN_UNGUARDED_AVAILABILITY = YES_AGGRESSIVE;
				CLANG_WARN_UNREACHABLE_CODE = YES;
				CLANG_WARN__DUPLICATE_METHOD_MATCH = YES;
				COPY_PHASE_STRIP = NO;
				DEBUG_INFORMATION_FORMAT = "dwarf-with-dsym";
				ENABLE_NS_ASSERTIONS = NO;
				ENABLE_STRICT_OBJC_MSGSEND = YES;
				GCC_C_LANGUAGE_STANDARD = gnu11;
				GCC_NO_COMMON_BLOCKS = YES;
				GCC_WARN_64_TO_32_BIT_CONVERSION = YES;
				GCC_WARN_ABOUT_RETURN_TYPE = YES_ERROR;
				GCC_WARN_UNDECLARED_SELECTOR = YES;
				GCC_WARN_UNINITIALIZED_AUTOS = YES_AGGRESSIVE;
				GCC_WARN_UNUSED_FUNCTION = YES;
				GCC_WARN_UNUSED_VARIABLE = YES;
				MACOSX_DEPLOYMENT_TARGET = 11.3;
				MTL_ENABLE_DEBUG_INFO = NO;
				MTL_FAST_MATH = YES;
				SDKROOT = macosx;
			};
			name = Release;
		};
		3140C12D26ED0C7100234E36 /* Debug */ = {
			isa = XCBuildConfiguration;
			buildSettings = {
				CLANG_ENABLE_MODULES = YES;
				CODE_SIGN_STYLE = Automatic;
				DEVELOPMENT_TEAM = P726VCUWV8;
				ENABLE_HARDENED_RUNTIME = YES;
				LD_RUNPATH_SEARCH_PATHS = (
					"$(inherited)",
					"@executable_path/../Frameworks",
					"@loader_path/../Frameworks",
				);
				PRODUCT_NAME = "$(TARGET_NAME)";
				SWIFT_OBJC_BRIDGING_HEADER = "";
				SWIFT_OPTIMIZATION_LEVEL = "-Onone";
				SWIFT_VERSION = 5.0;
			};
			name = Debug;
		};
		3140C12E26ED0C7100234E36 /* Release */ = {
			isa = XCBuildConfiguration;
			buildSettings = {
				CLANG_ENABLE_MODULES = YES;
				CODE_SIGN_STYLE = Automatic;
				DEVELOPMENT_TEAM = P726VCUWV8;
				ENABLE_HARDENED_RUNTIME = YES;
				LD_RUNPATH_SEARCH_PATHS = (
					"$(inherited)",
					"@executable_path/../Frameworks",
					"@loader_path/../Frameworks",
				);
				PRODUCT_NAME = "$(TARGET_NAME)";
				SWIFT_OBJC_BRIDGING_HEADER = "";
				SWIFT_VERSION = 5.0;
			};
			name = Release;
		};
/* End XCBuildConfiguration section */

/* Begin XCConfigurationList section */
		3140C12026ED0C7100234E36 /* Build configuration list for PBXProject "2021" */ = {
			isa = XCConfigurationList;
			buildConfigurations = (
				3140C12A26ED0C7100234E36 /* Debug */,
				3140C12B26ED0C7100234E36 /* Release */,
			);
			defaultConfigurationIsVisible = 0;
			defaultConfigurationName = Release;
		};
		3140C12C26ED0C7100234E36 /* Build configuration list for PBXNativeTarget "2021" */ = {
			isa = XCConfigurationList;
			buildConfigurations = (
				3140C12D26ED0C7100234E36 /* Debug */,
				3140C12E26ED0C7100234E36 /* Release */,
			);
			defaultConfigurationIsVisible = 0;
			defaultConfigurationName = Release;
		};
/* End XCConfigurationList section */
	};
	rootObject = 3140C11D26ED0C7100234E36 /* Project object */;
}
